{
  "name": "ft_transcendence",
  "lockfileVersion": 3,
  "requires": true,
  "packages": {
    "": {
      "dependencies": {
        "babylonjs": "^8.32.1"
      }
    },
    "node_modules/babylonjs": {
      "version": "8.32.1",
      "resolved": "https://registry.npmjs.org/babylonjs/-/babylonjs-8.32.1.tgz",
      "integrity": "sha512-gWPnP0lx9nqQR+XCfxr+YL9ED1B7ZmkuvVMme9aoopNCfYhBF0lOCbwaf92yEdAdv/uwHyvPVUq755/ybmJuLA==",
      "hasInstallScript": true,
      "license": "Apache-2.0"
    }
  }
}
